
Microsoft Visual Studio Solution File, Format Version 12.00
# Visual Studio 15
VisualStudioVersion = 15.0.28010.2016
MinimumVisualStudioVersion = 10.0.40219.1
Project("{FAE04EC0-301F-11D3-BF4B-00C04F79EFBC}") = "Code Test A", "Code Test A\Code Test A.csproj", "{74AE072A-EF9F-4D70-BC42-522E4A982E78}"
EndProject
Global
	GlobalSection(SolutionConfigurationPlatforms) = preSolution
		Debug|Any CPU = Debug|Any CPU
		Release|Any CPU = Release|Any CPU
	EndGlobalSection
	GlobalSection(ProjectConfigurationPlatforms) = postSolution
		{74AE072A-EF9F-4D70-BC42-522E4A982E78}.Debug|Any CPU.ActiveCfg = Debug|Any CPU
		{74AE072A-EF9F-4D70-BC42-522E4A982E78}.Debug|Any CPU.Build.0 = Debug|Any CPU
		{74AE072A-EF9F-4D70-BC42-522E4A982E78}.Release|Any CPU.ActiveCfg = Release|Any CPU
		{74AE072A-EF9F-4D70-BC42-522E4A982E78}.Release|Any CPU.Build.0 = Release|Any CPU
	EndGlobalSection
	GlobalSection(SolutionProperties) = preSolution
		HideSolutionNode = FALSE
	EndGlobalSection
	GlobalSection(ExtensibilityGlobals) = postSolution
		SolutionGuid = {F39AAFAA-D369-43A0-95E2-352211ABE6D5}
	EndGlobalSection
EndGlobal
